Microsoft Visual Studio Solution File, Format Version 12.00
# Visual Studio Version 17
VisualStudioVersion = 17.5.2.0
MinimumVisualStudioVersion = 10.0.40219.1
Project("{FAE04EC0-301F-11D3-BF4B-00C04F79EFBC}") = "MyTrayApp", "MyTrayApp\MyTrayApp.csproj", "{EC566D67-402D-9DC5-7EBE-BCF05BA1927F}"
EndProject
Global
	GlobalSection(SolutionConfigurationPlatforms) = preSolution
		Debug|Any CPU = Debug|Any CPU
		Release|Any CPU = Release|Any CPU
	EndGlobalSection
	GlobalSection(ProjectConfigurationPlatforms) = postSolution
		{EC566D67-402D-9DC5-7EBE-BCF05BA1927F}.Debug|Any CPU.ActiveCfg = Debug|Any CPU
		{EC566D67-402D-9DC5-7EBE-BCF05BA1927F}.Debug|Any CPU.Build.0 = Debug|Any CPU
		{EC566D67-402D-9DC5-7EBE-BCF05BA1927F}.Release|Any CPU.ActiveCfg = Release|Any CPU
		{EC566D67-402D-9DC5-7EBE-BCF05BA1927F}.Release|Any CPU.Build.0 = Release|Any CPU
	EndGlobalSection
	GlobalSection(SolutionProperties) = preSolution
		HideSolutionNode = FALSE
	EndGlobalSection
	GlobalSection(ExtensibilityGlobals) = postSolution
		SolutionGuid = {6AA7F4F2-7E6F-45FD-8A9C-C677197CD462}
	EndGlobalSection
EndGlobal
